<?xml version="1.0" encoding="utf-8"?>
<Project ToolsVersion="4.0" xmlns="http://schemas.microsoft.com/developer/msbuild/2003">
  <ItemGroup>
    <Filter Include="Source Files">
      <UniqueIdentifier>{4FC737F1-C7A5-4376-A066-2A32D752A2FF}</UniqueIdentifier>
      <Extensions>cpp;c;cc;cxx;def;odl;idl;hpj;bat;asm;asmx</Extensions>
    </Filter>
    <Filter Include="Header Files">
      <UniqueIdentifier>{93995380-89BD-4b04-88EB-625FBE52EBFB}</UniqueIdentifier>
      <Extensions>h;hh;hpp;hxx;hm;inl;inc;xsd</Extensions>
    </Filter>
    <Filter Include="Resource Files">
      <UniqueIdentifier>{67DA6AB6-F800-4c08-8B7A-83BB121AAD01}</UniqueIdentifier>
      <Extensions>rc;ico;cur;bmp;dlg;rc2;rct;bin;rgs;gif;jpg;jpeg;jpe;resx;tiff;tif;png;wav</Extensions>
    </Filter>
    <Filter Include="Resource Files\Fonts">
      <UniqueIdentifier>{11a9837c-2de4-410c-8478-d2e57095e678}</UniqueIdentifier>
    </Filter>
    <Filter Include="Resource Files\Models">
      <UniqueIdentifier>{95238b3e-f67d-4479-8c40-d2d6fef1b9da}</UniqueIdentifier>
    </Filter>
    <Filter Include="Resource Files\Data">
      <UniqueIdentifier>{12e95394-3885-4ebf-bbf4-acf899e3b1bd}</UniqueIdentifier>
    </Filter>
    <Filter Include="Resource Files\Shaders">
      <UniqueIdentifier>{b0877a84-2730-4831-9333-00bd8d2d9892}</UniqueIdentifier>
    </Filter>
    <Filter Include="Resource Files\Textures">
      <UniqueIdentifier>{5dcc6974-68aa-446f-9009-e58f9660d8e0}</UniqueIdentifier>
    </Filter>
  </ItemGroup>
  <ItemGroup>
    <ClCompile Include="Bounce.cpp">
      <Filter>Source Files</Filter>
    </ClCompile>
    <ClCompile Include="Box.cpp">
      <Filter>Source Files</Filter>
    </ClCompile>
    <ClCompile Include="Button.cpp">
      <Filter>Source Files</Filter>
    </ClCompile>
    <ClCompile Include="Camera.cpp">
      <Filter>Source Files</Filter>
    </ClCompile>
    <ClCompile Include="CantactManager.cpp">
      <Filter>Source Files</Filter>
    </ClCompile>
    <ClCompile Include="Console.cpp">
      <Filter>Source Files</Filter>
    </ClCompile>
    <ClCompile Include="ContactListener.cpp">
      <Filter>Source Files</Filter>
    </ClCompile>
    <ClCompile Include="CubeTexture.cpp">
      <Filter>Source Files</Filter>
    </ClCompile>
    <ClCompile Include="Food.cpp">
      <Filter>Source Files</Filter>
    </ClCompile>
    <ClCompile Include="Game.cpp">
      <Filter>Source Files</Filter>
    </ClCompile>
    <ClCompile Include="Geometry.cpp">
      <Filter>Source Files</Filter>
    </ClCompile>
    <ClCompile Include="Globals.cpp">
      <Filter>Source Files</Filter>
    </ClCompile>
    <ClCompile Include="Handler.cpp">
      <Filter>Source Files</Filter>
    </ClCompile>
    <ClCompile Include="JSON.cpp">
      <Filter>Source Files</Filter>
    </ClCompile>
    <ClCompile Include="KeyManager.cpp">
      <Filter>Source Files</Filter>
    </ClCompile>
    <ClCompile Include="LevelMenu.cpp">
      <Filter>Source Files</Filter>
    </ClCompile>
    <ClCompile Include="Loading.cpp">
      <Filter>Source Files</Filter>
    </ClCompile>
    <ClCompile Include="MainMenu.cpp">
      <Filter>Source Files</Filter>
    </ClCompile>
    <ClCompile Include="MapEditor.cpp">
      <Filter>Source Files</Filter>
    </ClCompile>
    <ClCompile Include="Memory.cpp">
      <Filter>Source Files</Filter>
    </ClCompile>
    <ClCompile Include="Model.cpp">
      <Filter>Source Files</Filter>
    </ClCompile>
    <ClCompile Include="MvpMatrix.cpp">
      <Filter>Source Files</Filter>
    </ClCompile>
    <ClCompile Include="Object.cpp">
      <Filter>Source Files</Filter>
    </ClCompile>
    <ClCompile Include="ObjectType.cpp">
      <Filter>Source Files</Filter>
    </ClCompile>
    <ClCompile Include="ResourceManager.cpp">
      <Filter>Source Files</Filter>
    </ClCompile>
    <ClCompile Include="Scene.cpp">
      <Filter>Source Files</Filter>
    </ClCompile>
    <ClCompile Include="SceneManager.cpp">
      <Filter>Source Files</Filter>
    </ClCompile>
    <ClCompile Include="Score.cpp">
      <Filter>Source Files</Filter>
    </ClCompile>
    <ClCompile Include="Setting.cpp">
      <Filter>Source Files</Filter>
    </ClCompile>
    <ClCompile Include="Shader.cpp">
      <Filter>Source Files</Filter>
    </ClCompile>
    <ClCompile Include="Splash.cpp">
      <Filter>Source Files</Filter>
    </ClCompile>
    <ClCompile Include="Sprite.cpp">
      <Filter>Source Files</Filter>
    </ClCompile>
    <ClCompile Include="StateManager.cpp">
      <Filter>Source Files</Filter>
    </ClCompile>
    <ClCompile Include="stdafx.cpp">
      <Filter>Source Files</Filter>
    </ClCompile>
    <ClCompile Include="String.cpp">
      <Filter>Source Files</Filter>
    </ClCompile>
    <ClCompile Include="Target.cpp">
      <Filter>Source Files</Filter>
    </ClCompile>
    <ClCompile Include="TextManager.cpp">
      <Filter>Source Files</Filter>
    </ClCompile>
    <ClCompile Include="Texture.cpp">
      <Filter>Source Files</Filter>
    </ClCompile>
    <ClCompile Include="Thorn.cpp">
      <Filter>Source Files</Filter>
    </ClCompile>
    <ClCompile Include="Triangle.cpp">
      <Filter>Source Files</Filter>
    </ClCompile>
    <ClCompile Include="AppCore.cpp">
      <Filter>Source Files</Filter>
    </ClCompile>
  </ItemGroup>
  <ItemGroup>
    <ClInclude Include="Bounce.h">
      <Filter>Header Files</Filter>
    </ClInclude>
    <ClInclude Include="Box.h">
      <Filter>Header Files</Filter>
    </ClInclude>
    <ClInclude Include="Button.h">
      <Filter>Header Files</Filter>
    </ClInclude>
    <ClInclude Include="Camera.h">
      <Filter>Header Files</Filter>
    </ClInclude>
    <ClInclude Include="CantactManager.h">
      <Filter>Header Files</Filter>
    </ClInclude>
    <ClInclude Include="Console.h">
      <Filter>Header Files</Filter>
    </ClInclude>
    <ClInclude Include="ContactListener.h">
      <Filter>Header Files</Filter>
    </ClInclude>
    <ClInclude Include="CubeTexture.h">
      <Filter>Header Files</Filter>
    </ClInclude>
    <ClInclude Include="Environment.h">
      <Filter>Header Files</Filter>
    </ClInclude>
    <ClInclude Include="Food.h">
      <Filter>Header Files</Filter>
    </ClInclude>
    <ClInclude Include="Game.h">
      <Filter>Header Files</Filter>
    </ClInclude>
    <ClInclude Include="Geometry.h">
      <Filter>Header Files</Filter>
    </ClInclude>
    <ClInclude Include="Globals.h">
      <Filter>Header Files</Filter>
    </ClInclude>
    <ClInclude Include="Handler.h">
      <Filter>Header Files</Filter>
    </ClInclude>
    <ClInclude Include="JSON.h">
      <Filter>Header Files</Filter>
    </ClInclude>
    <ClInclude Include="KeyManager.h">
      <Filter>Header Files</Filter>
    </ClInclude>
    <ClInclude Include="LevelMenu.h">
      <Filter>Header Files</Filter>
    </ClInclude>
    <ClInclude Include="Loading.h">
      <Filter>Header Files</Filter>
    </ClInclude>
    <ClInclude Include="MainMenu.h">
      <Filter>Header Files</Filter>
    </ClInclude>
    <ClInclude Include="MapEditor.h">
      <Filter>Header Files</Filter>
    </ClInclude>
    <ClInclude Include="Memory.h">
      <Filter>Header Files</Filter>
    </ClInclude>
    <ClInclude Include="Model.h">
      <Filter>Header Files</Filter>
    </ClInclude>
    <ClInclude Include="MvpMatrix.h">
      <Filter>Header Files</Filter>
    </ClInclude>
    <ClInclude Include="myDefines.h">
      <Filter>Header Files</Filter>
    </ClInclude>
    <ClInclude Include="Object.h">
      <Filter>Header Files</Filter>
    </ClInclude>
    <ClInclude Include="ObjectType.h">
      <Filter>Header Files</Filter>
    </ClInclude>
    <ClInclude Include="ResourceManager.h">
      <Filter>Header Files</Filter>
    </ClInclude>
    <ClInclude Include="Scene.h">
      <Filter>Header Files</Filter>
    </ClInclude>
    <ClInclude Include="SceneManager.h">
      <Filter>Header Files</Filter>
    </ClInclude>
    <ClInclude Include="Score.h">
      <Filter>Header Files</Filter>
    </ClInclude>
    <ClInclude Include="Setting.h">
      <Filter>Header Files</Filter>
    </ClInclude>
    <ClInclude Include="Shader.h">
      <Filter>Header Files</Filter>
    </ClInclude>
    <ClInclude Include="Shape.h">
      <Filter>Header Files</Filter>
    </ClInclude>
    <ClInclude Include="Splash.h">
      <Filter>Header Files</Filter>
    </ClInclude>
    <ClInclude Include="Sprite.h">
      <Filter>Header Files</Filter>
    </ClInclude>
    <ClInclude Include="StateManager.h">
      <Filter>Header Files</Filter>
    </ClInclude>
    <ClInclude Include="stdafx.h">
      <Filter>Header Files</Filter>
    </ClInclude>
    <ClInclude Include="String.h">
      <Filter>Header Files</Filter>
    </ClInclude>
    <ClInclude Include="Target.h">
      <Filter>Header Files</Filter>
    </ClInclude>
    <ClInclude Include="targetver.h">
      <Filter>Header Files</Filter>
    </ClInclude>
    <ClInclude Include="TextManager.h">
      <Filter>Header Files</Filter>
    </ClInclude>
    <ClInclude Include="Texture.h">
      <Filter>Header Files</Filter>
    </ClInclude>
    <ClInclude Include="Thorn.h">
      <Filter>Header Files</Filter>
    </ClInclude>
    <ClInclude Include="Triangle.h">
      <Filter>Header Files</Filter>
    </ClInclude>
    <ClInclude Include="Vertex.h">
      <Filter>Header Files</Filter>
    </ClInclude>
    <ClInclude Include="resource.h">
      <Filter>Header Files</Filter>
    </ClInclude>
  </ItemGroup>
  <ItemGroup>
    <Font Include="..\Resources\Fonts\angrybirds-regular.ttf">
      <Filter>Resource Files\Fonts</Filter>
    </Font>
    <Font Include="..\Resources\Fonts\Candice.ttf">
      <Filter>Resource Files\Fonts</Filter>
    </Font>
    <Font Include="..\Resources\Fonts\DroidSans.ttf">
      <Filter>Resource Files\Fonts</Filter>
    </Font>
    <Font Include="..\Resources\Fonts\segoeui.ttf">
      <Filter>Resource Files\Fonts</Filter>
    </Font>
    <Font Include="..\Resources\Fonts\segoeuil.ttf">
      <Filter>Resource Files\Fonts</Filter>
    </Font>
    <Font Include="..\Resources\Fonts\Snacker.ttf">
      <Filter>Resource Files\Fonts</Filter>
    </Font>
    <Font Include="..\Resources\Fonts\waltograph42.ttf">
      <Filter>Resource Files\Fonts</Filter>
    </Font>
  </ItemGroup>
  <ItemGroup>
    <None Include="..\Resources\Models\Circle_r100.json">
      <Filter>Resource Files\Models</Filter>
    </None>
    <None Include="..\Resources\Models\Ground.json">
      <Filter>Resource Files\Models</Filter>
    </None>
    <None Include="..\Resources\Models\hexagon.json">
      <Filter>Resource Files\Models</Filter>
    </None>
    <None Include="..\Resources\Models\Square.json">
      <Filter>Resource Files\Models</Filter>
    </None>
    <None Include="..\Resources\Models\Triangle.json">
      <Filter>Resource Files\Models</Filter>
    </None>
    <None Include="..\Resources\Data\EndGame.json">
      <Filter>Resource Files\Data</Filter>
    </None>
    <None Include="..\Resources\Data\Handler.json">
      <Filter>Resource Files\Data</Filter>
    </None>
    <None Include="..\Resources\Data\Level0.json">
      <Filter>Resource Files\Data</Filter>
    </None>
    <None Include="..\Resources\Data\Level1.json">
      <Filter>Resource Files\Data</Filter>
    </None>
    <None Include="..\Resources\Data\Level2.json">
      <Filter>Resource Files\Data</Filter>
    </None>
    <None Include="..\Resources\Data\Level3.json">
      <Filter>Resource Files\Data</Filter>
    </None>
    <None Include="..\Resources\Data\LevelMenu.json">
      <Filter>Resource Files\Data</Filter>
    </None>
    <None Include="..\Resources\Data\Menu.json">
      <Filter>Resource Files\Data</Filter>
    </None>
    <None Include="..\Resources\Data\Menu1.json">
      <Filter>Resource Files\Data</Filter>
    </None>
    <None Include="..\Resources\Data\RM.json">
      <Filter>Resource Files\Data</Filter>
    </None>
    <None Include="..\Resources\Data\Score.json">
      <Filter>Resource Files\Data</Filter>
    </None>
    <None Include="..\Resources\Data\SM.json">
      <Filter>Resource Files\Data</Filter>
    </None>
    <None Include="..\Resources\Data\Splash.json">
      <Filter>Resource Files\Data</Filter>
    </None>
    <None Include="..\Resources\Shaders\Object.fs">
      <Filter>Resource Files\Shaders</Filter>
    </None>
    <None Include="..\Resources\Shaders\Object.vs">
      <Filter>Resource Files\Shaders</Filter>
    </None>
    <None Include="..\Resources\Shaders\Text.fs">
      <Filter>Resource Files\Shaders</Filter>
    </None>
    <None Include="..\Resources\Shaders\Text.vs">
      <Filter>Resource Files\Shaders</Filter>
    </None>
  </ItemGroup>
  <ItemGroup>
    <Text Include="..\Resources\Data\Score.txt">
      <Filter>Resource Files\Data</Filter>
    </Text>
  </ItemGroup>
  <ItemGroup>
    <Image Include="..\Resources\Textures\arr_02.tga">
      <Filter>Resource Files\Textures</Filter>
    </Image>
    <Image Include="..\Resources\Textures\arr_05.tga">
      <Filter>Resource Files\Textures</Filter>
    </Image>
    <Image Include="..\Resources\Textures\arr2_02.tga">
      <Filter>Resource Files\Textures</Filter>
    </Image>
    <Image Include="..\Resources\Textures\arr2_05.tga">
      <Filter>Resource Files\Textures</Filter>
    </Image>
    <Image Include="..\Resources\Textures\background.tga">
      <Filter>Resource Files\Textures</Filter>
    </Image>
    <Image Include="..\Resources\Textures\background2.tga">
      <Filter>Resource Files\Textures</Filter>
    </Image>
    <Image Include="..\Resources\Textures\background3.tga">
      <Filter>Resource Files\Textures</Filter>
    </Image>
    <Image Include="..\Resources\Textures\backgroundLV1.tga">
      <Filter>Resource Files\Textures</Filter>
    </Image>
    <Image Include="..\Resources\Textures\backgroundLV2.tga">
      <Filter>Resource Files\Textures</Filter>
    </Image>
    <Image Include="..\Resources\Textures\backgroundLv3.tga">
      <Filter>Resource Files\Textures</Filter>
    </Image>
    <Image Include="..\Resources\Textures\backgroundLV4.tga">
      <Filter>Resource Files\Textures</Filter>
    </Image>
    <Image Include="..\Resources\Textures\bounce.tga">
      <Filter>Resource Files\Textures</Filter>
    </Image>
    <Image Include="..\Resources\Textures\box.tga">
      <Filter>Resource Files\Textures</Filter>
    </Image>
    <Image Include="..\Resources\Textures\brick.tga">
      <Filter>Resource Files\Textures</Filter>
    </Image>
    <Image Include="..\Resources\Textures\brok.tga">
      <Filter>Resource Files\Textures</Filter>
    </Image>
    <Image Include="..\Resources\Textures\button_level.tga">
      <Filter>Resource Files\Textures</Filter>
    </Image>
    <Image Include="..\Resources\Textures\candy.tga">
      <Filter>Resource Files\Textures</Filter>
    </Image>
    <Image Include="..\Resources\Textures\cloud.tga">
      <Filter>Resource Files\Textures</Filter>
    </Image>
    <Image Include="..\Resources\Textures\door.tga">
      <Filter>Resource Files\Textures</Filter>
    </Image>
    <Image Include="..\Resources\Textures\gai.tga">
      <Filter>Resource Files\Textures</Filter>
    </Image>
    <Image Include="..\Resources\Textures\gai2.tga">
      <Filter>Resource Files\Textures</Filter>
    </Image>
    <Image Include="..\Resources\Textures\gr.tga">
      <Filter>Resource Files\Textures</Filter>
    </Image>
    <Image Include="..\Resources\Textures\none.tga">
      <Filter>Resource Files\Textures</Filter>
    </Image>
    <Image Include="..\Resources\Textures\o.png">
      <Filter>Resource Files\Textures</Filter>
    </Image>
    <Image Include="..\Resources\Textures\o.tga">
      <Filter>Resource Files\Textures</Filter>
    </Image>
    <Image Include="..\Resources\Textures\pause_05.tga">
      <Filter>Resource Files\Textures</Filter>
    </Image>
    <Image Include="..\Resources\Textures\play_05.tga">
      <Filter>Resource Files\Textures</Filter>
    </Image>
    <Image Include="..\Resources\Textures\reload_05.tga">
      <Filter>Resource Files\Textures</Filter>
    </Image>
    <Image Include="..\Resources\Textures\sky.tga">
      <Filter>Resource Files\Textures</Filter>
    </Image>
    <Image Include="..\Resources\Textures\skyLv2.tga">
      <Filter>Resource Files\Textures</Filter>
    </Image>
    <Image Include="..\Resources\Textures\skyLv3.tga">
      <Filter>Resource Files\Textures</Filter>
    </Image>
    <Image Include="..\Resources\Textures\skyLv4.tga">
      <Filter>Resource Files\Textures</Filter>
    </Image>
    <Image Include="..\Resources\Textures\touch_move_05.tga">
      <Filter>Resource Files\Textures</Filter>
    </Image>
    <Image Include="..\Resources\Textures\touch_point_05.tga">
      <Filter>Resource Files\Textures</Filter>
    </Image>
    <Image Include="..\Resources\Textures\tran.tga">
      <Filter>Resource Files\Textures</Filter>
    </Image>
    <Image Include="..\Resources\Textures\tran1.tga">
      <Filter>Resource Files\Textures</Filter>
    </Image>
  </ItemGroup>
</Project>