
Microsoft Visual Studio Solution File, Format Version 12.00
# Visual Studio 2013
VisualStudioVersion = 12.0.31101.0
MinimumVisualStudioVersion = 10.0.40219.1
Project("{8BC9CEB8-8B4A-11D0-8D11-00A0C91BC942}") = "Box2D", "Box2D.vcxproj", "{CD3B1EB0-BBE5-48F4-B528-68DA722EE60A}"
EndProject
Global
	GlobalSection(SolutionConfigurationPlatforms) = preSolution
		Debug|Win32 = Debug|Win32
		Release|Win32 = Release|Win32
	EndGlobalSection
	GlobalSection(ProjectConfigurationPlatforms) = postSolution
		{CD3B1EB0-BBE5-48F4-B528-68DA722EE60A}.Debug|Win32.ActiveCfg = Debug|Win32
		{CD3B1EB0-BBE5-48F4-B528-68DA722EE60A}.Debug|Win32.Build.0 = Debug|Win32
		{CD3B1EB0-BBE5-48F4-B528-68DA722EE60A}.Release|Win32.ActiveCfg = Release|Win32
		{CD3B1EB0-BBE5-48F4-B528-68DA722EE60A}.Release|Win32.Build.0 = Release|Win32
	EndGlobalSection
	GlobalSection(SolutionProperties) = preSolution
		HideSolutionNode = FALSE
	EndGlobalSection
EndGlobal
